
Microsoft Visual Studio Solution File, Format Version 12.00
# Visual Studio Version 16
VisualStudioVersion = 16.0.29613.14
MinimumVisualStudioVersion = 10.0.40219.1
Project("{FAE04EC0-301F-11D3-BF4B-00C04F79EFBC}") = "WebApp", "WebApp\WebApp.csproj", "{AC51FB69-8E68-4DB1-BE41-1ACFEEDA2801}"
EndProject
Global
	GlobalSection(SolutionConfigurationPlatforms) = preSolution
		Debug|Any CPU = Debug|Any CPU
		Release|Any CPU = Release|Any CPU
	EndGlobalSection
	GlobalSection(ProjectConfigurationPlatforms) = postSolution
		{AC51FB69-8E68-4DB1-BE41-1ACFEEDA2801}.Debug|Any CPU.ActiveCfg = Debug|Any CPU
		{AC51FB69-8E68-4DB1-BE41-1ACFEEDA2801}.Debug|Any CPU.Build.0 = Debug|Any CPU
		{AC51FB69-8E68-4DB1-BE41-1ACFEEDA2801}.Release|Any CPU.ActiveCfg = Release|Any CPU
		{AC51FB69-8E68-4DB1-BE41-1ACFEEDA2801}.Release|Any CPU.Build.0 = Release|Any CPU
	EndGlobalSection
	GlobalSection(SolutionProperties) = preSolution
		HideSolutionNode = FALSE
	EndGlobalSection
	GlobalSection(ExtensibilityGlobals) = postSolution
		SolutionGuid = {AC0B67E3-F56F-4380-9FCD-00F049C7D15F}
	EndGlobalSection
EndGlobal
